// !$*UTF8*$!
{
	archiveVersion = 1;
	classes = {
	};
	objectVersion = 56;
	objects = {

/* Begin PBXBuildFile section */
		001 /* BioMimicryEngineApp.swift in Sources */ = {isa = PBXBuildFile; fileRef = 101 /* BioMimicryEngineApp.swift */; };
		002 /* RetroTheme.swift in Sources */ = {isa = PBXBuildFile; fileRef = 102 /* RetroTheme.swift */; };
		003 /* RetroComponents.swift in Sources */ = {isa = PBXBuildFile; fileRef = 103 /* RetroComponents.swift */; };
		005 /* GeneratedDesign.swift in Sources */ = {isa = PBXBuildFile; fileRef = 105 /* GeneratedDesign.swift */; };
		006 /* NovelGenerator.swift in Sources */ = {isa = PBXBuildFile; fileRef = 106 /* NovelGenerator.swift */; };
		008 /* StorageService.swift in Sources */ = {isa = PBXBuildFile; fileRef = 108 /* StorageService.swift */; };
		009 /* GeneratorView.swift in Sources */ = {isa = PBXBuildFile; fileRef = 109 /* GeneratorView.swift */; };
		010 /* GeneratorViewModel.swift in Sources */ = {isa = PBXBuildFile; fileRef = 110 /* GeneratorViewModel.swift */; };
		011 /* SceneKitView.swift in Sources */ = {isa = PBXBuildFile; fileRef = 111 /* SceneKitView.swift */; };
		012 /* GalleryView.swift in Sources */ = {isa = PBXBuildFile; fileRef = 112 /* GalleryView.swift */; };
		013 /* GalleryViewModel.swift in Sources */ = {isa = PBXBuildFile; fileRef = 113 /* GalleryViewModel.swift */; };
		014 /* DesignDetailView.swift in Sources */ = {isa = PBXBuildFile; fileRef = 114 /* DesignDetailView.swift */; };
		015 /* STLExporter.swift in Sources */ = {isa = PBXBuildFile; fileRef = 115 /* STLExporter.swift */; };
		016 /* Assets.xcassets in Resources */ = {isa = PBXBuildFile; fileRef = 116 /* Assets.xcassets */; };
		017 /* Preview Assets.xcassets in Resources */ = {isa = PBXBuildFile; fileRef = 117 /* Preview Assets.xcassets */; };
		018 /* StructuralProperties.swift in Sources */ = {isa = PBXBuildFile; fileRef = 118 /* StructuralProperties.swift */; };
/* End PBXBuildFile section */

/* Begin PBXFileReference section */
		100 /* BioMimicryEngine.app */ = {isa = PBXFileReference; explicitFileType = wrapper.application; includeInIndex = 0; path = BioMimicryEngine.app; sourceTree = BUILT_PRODUCTS_DIR; };
		101 /* BioMimicryEngineApp.swift */ = {isa = PBXFileReference; lastKnownFileType = sourcecode.swift; path = BioMimicryEngineApp.swift; sourceTree = "<group>"; };
		102 /* RetroTheme.swift */ = {isa = PBXFileReference; lastKnownFileType = sourcecode.swift; path = RetroTheme.swift; sourceTree = "<group>"; };
		103 /* RetroComponents.swift */ = {isa = PBXFileReference; lastKnownFileType = sourcecode.swift; path = RetroComponents.swift; sourceTree = "<group>"; };
		105 /* GeneratedDesign.swift */ = {isa = PBXFileReference; lastKnownFileType = sourcecode.swift; path = GeneratedDesign.swift; sourceTree = "<group>"; };
		106 /* NovelGenerator.swift */ = {isa = PBXFileReference; lastKnownFileType = sourcecode.swift; path = NovelGenerator.swift; sourceTree = "<group>"; };
		108 /* StorageService.swift */ = {isa = PBXFileReference; lastKnownFileType = sourcecode.swift; path = StorageService.swift; sourceTree = "<group>"; };
		109 /* GeneratorView.swift */ = {isa = PBXFileReference; lastKnownFileType = sourcecode.swift; path = GeneratorView.swift; sourceTree = "<group>"; };
		110 /* GeneratorViewModel.swift */ = {isa = PBXFileReference; lastKnownFileType = sourcecode.swift; path = GeneratorViewModel.swift; sourceTree = "<group>"; };
		111 /* SceneKitView.swift */ = {isa = PBXFileReference; lastKnownFileType = sourcecode.swift; path = SceneKitView.swift; sourceTree = "<group>"; };
		112 /* GalleryView.swift */ = {isa = PBXFileReference; lastKnownFileType = sourcecode.swift; path = GalleryView.swift; sourceTree = "<group>"; };
		113 /* GalleryViewModel.swift */ = {isa = PBXFileReference; lastKnownFileType = sourcecode.swift; path = GalleryViewModel.swift; sourceTree = "<group>"; };
		114 /* DesignDetailView.swift */ = {isa = PBXFileReference; lastKnownFileType = sourcecode.swift; path = DesignDetailView.swift; sourceTree = "<group>"; };
		115 /* STLExporter.swift */ = {isa = PBXFileReference; lastKnownFileType = sourcecode.swift; path = STLExporter.swift; sourceTree = "<group>"; };
		116 /* Assets.xcassets */ = {isa = PBXFileReference; lastKnownFileType = folder.assetcatalog; path = Assets.xcassets; sourceTree = "<group>"; };
		117 /* Preview Assets.xcassets */ = {isa = PBXFileReference; lastKnownFileType = folder.assetcatalog; path = "Preview Assets.xcassets"; sourceTree = "<group>"; };
		118 /* StructuralProperties.swift */ = {isa = PBXFileReference; lastKnownFileType = sourcecode.swift; path = StructuralProperties.swift; sourceTree = "<group>"; };
/* End PBXFileReference section */

/* Begin PBXFrameworksBuildPhase section */
		200 /* Frameworks */ = {
			isa = PBXFrameworksBuildPhase;
			buildActionMask = 2147483647;
			files = (
			);
			runOnlyForDeploymentPostprocessing = 0;
		};
/* End PBXFrameworksBuildPhase section */

/* Begin PBXGroup section */
		300 = {
			isa = PBXGroup;
			children = (
				301 /* BioMimicryEngine */,
				302 /* Products */,
			);
			sourceTree = "<group>";
		};
		301 /* BioMimicryEngine */ = {
			isa = PBXGroup;
			children = (
				303 /* App */,
				304 /* Core */,
				307 /* Features */,
				311 /* Models */,
				312 /* Services */,
				116 /* Assets.xcassets */,
				313 /* Preview Content */,
			);
			path = BioMimicryEngine;
			sourceTree = "<group>";
		};
		302 /* Products */ = {
			isa = PBXGroup;
			children = (
				100 /* BioMimicryEngine.app */,
			);
			name = Products;
			sourceTree = "<group>";
		};
		303 /* App */ = {
			isa = PBXGroup;
			children = (
				101 /* BioMimicryEngineApp.swift */,
			);
			path = App;
			sourceTree = "<group>";
		};
		304 /* Core */ = {
			isa = PBXGroup;
			children = (
				305 /* Theme */,
				306 /* Components */,
			);
			path = Core;
			sourceTree = "<group>";
		};
		305 /* Theme */ = {
			isa = PBXGroup;
			children = (
				102 /* RetroTheme.swift */,
			);
			path = Theme;
			sourceTree = "<group>";
		};
		306 /* Components */ = {
			isa = PBXGroup;
			children = (
				103 /* RetroComponents.swift */,
			);
			path = Components;
			sourceTree = "<group>";
		};
		307 /* Features */ = {
			isa = PBXGroup;
			children = (
				308 /* Generator */,
				309 /* Gallery */,
				310 /* Detail */,
			);
			path = Features;
			sourceTree = "<group>";
		};
		308 /* Generator */ = {
			isa = PBXGroup;
			children = (
				109 /* GeneratorView.swift */,
				110 /* GeneratorViewModel.swift */,
				111 /* SceneKitView.swift */,
			);
			path = Generator;
			sourceTree = "<group>";
		};
		309 /* Gallery */ = {
			isa = PBXGroup;
			children = (
				112 /* GalleryView.swift */,
				113 /* GalleryViewModel.swift */,
			);
			path = Gallery;
			sourceTree = "<group>";
		};
		310 /* Detail */ = {
			isa = PBXGroup;
			children = (
				114 /* DesignDetailView.swift */,
				115 /* STLExporter.swift */,
			);
			path = Detail;
			sourceTree = "<group>";
		};
		311 /* Models */ = {
			isa = PBXGroup;
			children = (
				105 /* GeneratedDesign.swift */,
				118 /* StructuralProperties.swift */,
			);
			path = Models;
			sourceTree = "<group>";
		};
		312 /* Services */ = {
			isa = PBXGroup;
			children = (
				106 /* NovelGenerator.swift */,
				108 /* StorageService.swift */,
			);
			path = Services;
			sourceTree = "<group>";
		};
		313 /* Preview Content */ = {
			isa = PBXGroup;
			children = (
				117 /* Preview Assets.xcassets */,
			);
			path = "Preview Content";
			sourceTree = "<group>";
		};
/* End PBXGroup section */

/* Begin PBXNativeTarget section */
		400 /* BioMimicryEngine */ = {
			isa = PBXNativeTarget;
			buildConfigurationList = 403 /* Build configuration list for PBXNativeTarget "BioMimicryEngine" */;
			buildPhases = (
				401 /* Sources */,
				200 /* Frameworks */,
				402 /* Resources */,
			);
			buildRules = (
			);
			dependencies = (
			);
			name = BioMimicryEngine;
			productName = BioMimicryEngine;
			productReference = 100 /* BioMimicryEngine.app */;
			productType = "com.apple.product-type.application";
		};
/* End PBXNativeTarget section */

/* Begin PBXProject section */
		500 /* Project object */ = {
			isa = PBXProject;
			attributes = {
				BuildIndependentTargetsInParallel = 1;
				LastSwiftUpdateCheck = 1500;
				LastUpgradeCheck = 1500;
				TargetAttributes = {
					400 = {
						CreatedOnToolsVersion = 15.0;
					};
				};
			};
			buildConfigurationList = 501 /* Build configuration list for PBXProject "BioMimicryEngine" */;
			compatibilityVersion = "Xcode 14.0";
			developmentRegion = en;
			hasScannedForEncodings = 0;
			knownRegions = (
				en,
				Base,
			);
			mainGroup = 300;
			productRefGroup = 302 /* Products */;
			projectDirPath = "";
			projectRoot = "";
			targets = (
				400 /* BioMimicryEngine */,
			);
		};
/* End PBXProject section */

/* Begin PBXResourcesBuildPhase section */
		402 /* Resources */ = {
			isa = PBXResourcesBuildPhase;
			buildActionMask = 2147483647;
			files = (
				017 /* Preview Assets.xcassets in Resources */,
				016 /* Assets.xcassets in Resources */,
			);
			runOnlyForDeploymentPostprocessing = 0;
		};
/* End PBXResourcesBuildPhase section */

/* Begin PBXSourcesBuildPhase section */
		401 /* Sources */ = {
			isa = PBXSourcesBuildPhase;
			buildActionMask = 2147483647;
			files = (
				001 /* BioMimicryEngineApp.swift in Sources */,
				002 /* RetroTheme.swift in Sources */,
				003 /* RetroComponents.swift in Sources */,
				005 /* GeneratedDesign.swift in Sources */,
				006 /* NovelGenerator.swift in Sources */,
				008 /* StorageService.swift in Sources */,
				009 /* GeneratorView.swift in Sources */,
				010 /* GeneratorViewModel.swift in Sources */,
				011 /* SceneKitView.swift in Sources */,
				012 /* GalleryView.swift in Sources */,
				013 /* GalleryViewModel.swift in Sources */,
				014 /* DesignDetailView.swift in Sources */,
				015 /* STLExporter.swift in Sources */,
				018 /* StructuralProperties.swift in Sources */,
			);
			runOnlyForDeploymentPostprocessing = 0;
		};
/* End PBXSourcesBuildPhase section */

/* Begin XCBuildConfiguration section */
		600 /* Debug */ = {
			isa = XCBuildConfiguration;
			buildSettings = {
				ALWAYS_SEARCH_USER_PATHS = NO;
				ASSETCATALOG_COMPILER_GENERATE_SWIFT_ASSET_SYMBOL_EXTENSIONS = YES;
				CLANG_ANALYZER_NONNULL = YES;
				CLANG_ANALYZER_NUMBER_OBJECT_CONVERSION = YES_AGGRESSIVE;
				CLANG_CXX_LANGUAGE_STANDARD = "gnu++20";
				CLANG_ENABLE_MODULES = YES;
				CLANG_ENABLE_OBJC_ARC = YES;
				CLANG_ENABLE_OBJC_WEAK = YES;
				CLANG_WARN_BLOCK_CAPTURE_AUTORELEASING = YES;
				CLANG_WARN_BOOL_CONVERSION = YES;
				CLANG_WARN_COMMA = YES;
				CLANG_WARN_CONSTANT_CONVERSION = YES;
				CLANG_WARN_DEPRECATED_OBJC_IMPLEMENTATIONS = YES;
				CLANG_WARN_DIRECT_OBJC_ISA_USAGE = YES_ERROR;
				CLANG_WARN_DOCUMENTATION_COMMENTS = YES;
				CLANG_WARN_EMPTY_BODY = YES;
				CLANG_WARN_ENUM_CONVERSION = YES;
				CLANG_WARN_INFINITE_RECURSION = YES;
				CLANG_WARN_INT_CONVERSION = YES;
				CLANG_WARN_NON_LITERAL_NULL_CONVERSION = YES;
				CLANG_WARN_OBJC_IMPLICIT_RETAIN_SELF = YES;
				CLANG_WARN_OBJC_LITERAL_CONVERSION = YES;
				CLANG_WARN_OBJC_ROOT_CLASS = YES_ERROR;
				CLANG_WARN_QUOTED_INCLUDE_IN_FRAMEWORK_HEADER = YES;
				CLANG_WARN_RANGE_LOOP_ANALYSIS = YES;
				CLANG_WARN_STRICT_PROTOTYPES = YES;
				CLANG_WARN_SUSPICIOUS_MOVE = YES;
				CLANG_WARN_UNGUARDED_AVAILABILITY = YES_AGGRESSIVE;
				CLANG_WARN_UNREACHABLE_CODE = YES;
				CLANG_WARN__DUPLICATE_METHOD_MATCH = YES;
				COPY_PHASE_STRIP = NO;
				DEBUG_INFORMATION_FORMAT = dwarf;
				ENABLE_STRICT_OBJC_MSGSEND = YES;
				ENABLE_TESTABILITY = YES;
				ENABLE_USER_SCRIPT_SANDBOXING = YES;
				GCC_C_LANGUAGE_STANDARD = gnu17;
				GCC_DYNAMIC_NO_PIC = NO;
				GCC_NO_COMMON_BLOCKS = YES;
				GCC_OPTIMIZATION_LEVEL = 0;
				GCC_PREPROCESSOR_DEFINITIONS = (
					"DEBUG=1",
					"$(inherited)",
				);
				GCC_WARN_64_TO_32_BIT_CONVERSION = YES;
				GCC_WARN_ABOUT_RETURN_TYPE = YES_ERROR;
				GCC_WARN_UNDECLARED_SELECTOR = YES;
				GCC_WARN_UNINITIALIZED_AUTOS = YES_AGGRESSIVE;
				GCC_WARN_UNUSED_FUNCTION = YES;
				GCC_WARN_UNUSED_VARIABLE = YES;
				IPHONEOS_DEPLOYMENT_TARGET = 16.0;
				LOCALIZATION_PREFERS_STRING_CATALOGS = YES;
				MTL_ENABLE_DEBUG_INFO = INCLUDE_SOURCE;
				MTL_FAST_MATH = YES;
				ONLY_ACTIVE_ARCH = YES;
				SDKROOT = iphoneos;
				SWIFT_ACTIVE_COMPILATION_CONDITIONS = "DEBUG $(inherited)";
				SWIFT_OPTIMIZATION_LEVEL = "-Onone";
			};
			name = Debug;
		};
		601 /* Release */ = {
			isa = XCBuildConfiguration;
			buildSettings = {
				ALWAYS_SEARCH_USER_PATHS = NO;
				ASSETCATALOG_COMPILER_GENERATE_SWIFT_ASSET_SYMBOL_EXTENSIONS = YES;
				CLANG_ANALYZER_NONNULL = YES;
				CLANG_ANALYZER_NUMBER_OBJECT_CONVERSION = YES_AGGRESSIVE;
				CLANG_CXX_LANGUAGE_STANDARD = "gnu++20";
				CLANG_ENABLE_MODULES = YES;
				CLANG_ENABLE_OBJC_ARC = YES;
				CLANG_ENABLE_OBJC_WEAK = YES;
				CLANG_WARN_BLOCK_CAPTURE_AUTORELEASING = YES;
				CLANG_WARN_BOOL_CONVERSION = YES;
				CLANG_WARN_COMMA = YES;
				CLANG_WARN_CONSTANT_CONVERSION = YES;
				CLANG_WARN_DEPRECATED_OBJC_IMPLEMENTATIONS = YES;
				CLANG_WARN_DIRECT_OBJC_ISA_USAGE = YES_ERROR;
				CLANG_WARN_DOCUMENTATION_COMMENTS = YES;
				CLANG_WARN_EMPTY_BODY = YES;
				CLANG_WARN_ENUM_CONVERSION = YES;
				CLANG_WARN_INFINITE_RECURSION = YES;
				CLANG_WARN_INT_CONVERSION = YES;
				CLANG_WARN_NON_LITERAL_NULL_CONVERSION = YES;
				CLANG_WARN_OBJC_IMPLICIT_RETAIN_SELF = YES;
				CLANG_WARN_OBJC_LITERAL_CONVERSION = YES;
				CLANG_WARN_OBJC_ROOT_CLASS = YES_ERROR;
				CLANG_WARN_QUOTED_INCLUDE_IN_FRAMEWORK_HEADER = YES;
				CLANG_WARN_RANGE_LOOP_ANALYSIS = YES;
				CLANG_WARN_STRICT_PROTOTYPES = YES;
				CLANG_WARN_SUSPICIOUS_MOVE = YES;
				CLANG_WARN_UNGUARDED_AVAILABILITY = YES_AGGRESSIVE;
				CLANG_WARN_UNREACHABLE_CODE = YES;
				CLANG_WARN__DUPLICATE_METHOD_MATCH = YES;
				COPY_PHASE_STRIP = NO;
				DEBUG_INFORMATION_FORMAT = "dwarf-with-dsym";
				ENABLE_NS_ASSERTIONS = NO;
				ENABLE_STRICT_OBJC_MSGSEND = YES;
				ENABLE_USER_SCRIPT_SANDBOXING = YES;
				GCC_C_LANGUAGE_STANDARD = gnu17;
				GCC_NO_COMMON_BLOCKS = YES;
				GCC_WARN_64_TO_32_BIT_CONVERSION = YES;
				GCC_WARN_ABOUT_RETURN_TYPE = YES_ERROR;
				GCC_WARN_UNDECLARED_SELECTOR = YES;
				GCC_WARN_UNINITIALIZED_AUTOS = YES_AGGRESSIVE;
				GCC_WARN_UNUSED_FUNCTION = YES;
				GCC_WARN_UNUSED_VARIABLE = YES;
				IPHONEOS_DEPLOYMENT_TARGET = 16.0;
				LOCALIZATION_PREFERS_STRING_CATALOGS = YES;
				MTL_ENABLE_DEBUG_INFO = NO;
				MTL_FAST_MATH = YES;
				SDKROOT = iphoneos;
				SWIFT_COMPILATION_MODE = wholemodule;
				VALIDATE_PRODUCT = YES;
			};
			name = Release;
		};
		602 /* Debug */ = {
			isa = XCBuildConfiguration;
			buildSettings = {
				ASSETCATALOG_COMPILER_APPICON_NAME = AppIcon;
				ASSETCATALOG_COMPILER_GLOBAL_ACCENT_COLOR_NAME = AccentColor;
				CODE_SIGN_STYLE = Automatic;
				CURRENT_PROJECT_VERSION = 1;
				DEVELOPMENT_ASSET_PATHS = "\"BioMimicryEngine/Preview Content\"";
				DEVELOPMENT_TEAM = H7FZM983G5;
				ENABLE_PREVIEWS = YES;
				GENERATE_INFOPLIST_FILE = YES;
				INFOPLIST_KEY_UIApplicationSceneManifest_Generation = YES;
				INFOPLIST_KEY_UIApplicationSupportsIndirectInputEvents = YES;
				INFOPLIST_KEY_UILaunchScreen_Generation = YES;
				INFOPLIST_KEY_UISupportedInterfaceOrientations_iPad = "UIInterfaceOrientationPortrait UIInterfaceOrientationPortraitUpsideDown UIInterfaceOrientationLandscapeLeft UIInterfaceOrientationLandscapeRight";
				INFOPLIST_KEY_UISupportedInterfaceOrientations_iPhone = "UIInterfaceOrientationPortrait UIInterfaceOrientationLandscapeLeft UIInterfaceOrientationLandscapeRight";
				LD_RUNPATH_SEARCH_PATHS = (
					"$(inherited)",
					"@executable_path/Frameworks",
				);
				MARKETING_VERSION = 2.0;
				PRODUCT_BUNDLE_IDENTIFIER = com.biomimicry.engine;
				PRODUCT_NAME = "$(TARGET_NAME)";
				SWIFT_EMIT_LOC_STRINGS = YES;
				SWIFT_VERSION = 5.0;
				TARGETED_DEVICE_FAMILY = "1,2";
			};
			name = Debug;
		};
		603 /* Release */ = {
			isa = XCBuildConfiguration;
			buildSettings = {
				ASSETCATALOG_COMPILER_APPICON_NAME = AppIcon;
				ASSETCATALOG_COMPILER_GLOBAL_ACCENT_COLOR_NAME = AccentColor;
				CODE_SIGN_STYLE = Automatic;
				CURRENT_PROJECT_VERSION = 1;
				DEVELOPMENT_ASSET_PATHS = "\"BioMimicryEngine/Preview Content\"";
				DEVELOPMENT_TEAM = H7FZM983G5;
				ENABLE_PREVIEWS = YES;
				GENERATE_INFOPLIST_FILE = YES;
				INFOPLIST_KEY_UIApplicationSceneManifest_Generation = YES;
				INFOPLIST_KEY_UIApplicationSupportsIndirectInputEvents = YES;
				INFOPLIST_KEY_UILaunchScreen_Generation = YES;
				INFOPLIST_KEY_UISupportedInterfaceOrientations_iPad = "UIInterfaceOrientationPortrait UIInterfaceOrientationPortraitUpsideDown UIInterfaceOrientationLandscapeLeft UIInterfaceOrientationLandscapeRight";
				INFOPLIST_KEY_UISupportedInterfaceOrientations_iPhone = "UIInterfaceOrientationPortrait UIInterfaceOrientationLandscapeLeft UIInterfaceOrientationLandscapeRight";
				LD_RUNPATH_SEARCH_PATHS = (
					"$(inherited)",
					"@executable_path/Frameworks",
				);
				MARKETING_VERSION = 2.0;
				PRODUCT_BUNDLE_IDENTIFIER = com.biomimicry.engine;
				PRODUCT_NAME = "$(TARGET_NAME)";
				SWIFT_EMIT_LOC_STRINGS = YES;
				SWIFT_VERSION = 5.0;
				TARGETED_DEVICE_FAMILY = "1,2";
			};
			name = Release;
		};
/* End XCBuildConfiguration section */

/* Begin XCConfigurationList section */
		403 /* Build configuration list for PBXNativeTarget "BioMimicryEngine" */ = {
			isa = XCConfigurationList;
			buildConfigurations = (
				602 /* Debug */,
				603 /* Release */,
			);
			defaultConfigurationIsVisible = 0;
			defaultConfigurationName = Release;
		};
		501 /* Build configuration list for PBXProject "BioMimicryEngine" */ = {
			isa = XCConfigurationList;
			buildConfigurations = (
				600 /* Debug */,
				601 /* Release */,
			);
			defaultConfigurationIsVisible = 0;
			defaultConfigurationName = Release;
		};
/* End XCConfigurationList section */
	};
	rootObject = 500 /* Project object */;
}
